// !$*UTF8*$!
{
	archiveVersion = 1;
	classes = {
	};
	objectVersion = 55;
	objects = {

/* Begin PBXBuildFile section */
		655A80B87EFCCB8941A57022 /* Pods_modooagit.framework in Frameworks */ = {isa = PBXBuildFile; fileRef = 3B70AA4FE6C84E085D3C4A5E /* Pods_modooagit.framework */; };
		9B1CF98927C0A3F30028ABAE /* LoginViewController.swift in Sources */ = {isa = PBXBuildFile; fileRef = 9B1CF98827C0A3F30028ABAE /* LoginViewController.swift */; };
		9B1CF98B27C0ADFB0028ABAE /* EnterEmailViewController.swift in Sources */ = {isa = PBXBuildFile; fileRef = 9B1CF98A27C0ADFB0028ABAE /* EnterEmailViewController.swift */; };
		9B1CF98D27C0B5B10028ABAE /* MainViewContoller.swift in Sources */ = {isa = PBXBuildFile; fileRef = 9B1CF98C27C0B5B10028ABAE /* MainViewContoller.swift */; };
		9B410D6F27B161340098C5A3 /* AppDelegate.swift in Sources */ = {isa = PBXBuildFile; fileRef = 9B410D6E27B161340098C5A3 /* AppDelegate.swift */; };
		9B410D7127B161340098C5A3 /* SceneDelegate.swift in Sources */ = {isa = PBXBuildFile; fileRef = 9B410D7027B161340098C5A3 /* SceneDelegate.swift */; };
		9B410D7627B161340098C5A3 /* Main.storyboard in Resources */ = {isa = PBXBuildFile; fileRef = 9B410D7427B161340098C5A3 /* Main.storyboard */; };
		9B410D7827B161350098C5A3 /* Assets.xcassets in Resources */ = {isa = PBXBuildFile; fileRef = 9B410D7727B161350098C5A3 /* Assets.xcassets */; };
		9B410D7B27B161350098C5A3 /* LaunchScreen.storyboard in Resources */ = {isa = PBXBuildFile; fileRef = 9B410D7927B161350098C5A3 /* LaunchScreen.storyboard */; };
		9B434FD927C269FC0014AEAB /* GoogleService-Info.plist in Resources */ = {isa = PBXBuildFile; fileRef = 9B434FD827C269FC0014AEAB /* GoogleService-Info.plist */; };
		9B43D8D127CB33CB008BC1CD /* NoticeViewController.swift in Sources */ = {isa = PBXBuildFile; fileRef = 9B43D8CF27CB33CB008BC1CD /* NoticeViewController.swift */; };
		9B43D8D227CB33CB008BC1CD /* NoticeViewController.xib in Resources */ = {isa = PBXBuildFile; fileRef = 9B43D8D027CB33CB008BC1CD /* NoticeViewController.xib */; };
		9B43D8D427CB3C6C008BC1CD /* RemoteConfigDefaults.plist in Resources */ = {isa = PBXBuildFile; fileRef = 9B43D8D327CB3C6C008BC1CD /* RemoteConfigDefaults.plist */; };
/* End PBXBuildFile section */

/* Begin PBXContainerItemProxy section */
		9B410D8227B161350098C5A3 /* PBXContainerItemProxy */ = {
			isa = PBXContainerItemProxy;
			containerPortal = 9B410D6327B161340098C5A3 /* Project object */;
			proxyType = 1;
			remoteGlobalIDString = 9B410D6A27B161340098C5A3;
			remoteInfo = modooagit;
		};
		9B410D8C27B161350098C5A3 /* PBXContainerItemProxy */ = {
			isa = PBXContainerItemProxy;
			containerPortal = 9B410D6327B161340098C5A3 /* Project object */;
			proxyType = 1;
			remoteGlobalIDString = 9B410D6A27B161340098C5A3;
			remoteInfo = modooagit;
		};
/* End PBXContainerItemProxy section */

/* Begin PBXFileReference section */
		0C376830BCB0B4A223DA7A02 /* Pods-modooagit.release.xcconfig */ = {isa = PBXFileReference; includeInIndex = 1; lastKnownFileType = text.xcconfig; name = "Pods-modooagit.release.xcconfig"; path = "Target Support Files/Pods-modooagit/Pods-modooagit.release.xcconfig"; sourceTree = "<group>"; };
		3B70AA4FE6C84E085D3C4A5E /* Pods_modooagit.framework */ = {isa = PBXFileReference; explicitFileType = wrapper.framework; includeInIndex = 0; path = Pods_modooagit.framework; sourceTree = BUILT_PRODUCTS_DIR; };
		9B1CF98827C0A3F30028ABAE /* LoginViewController.swift */ = {isa = PBXFileReference; lastKnownFileType = sourcecode.swift; path = LoginViewController.swift; sourceTree = "<group>"; };
		9B1CF98A27C0ADFB0028ABAE /* EnterEmailViewController.swift */ = {isa = PBXFileReference; lastKnownFileType = sourcecode.swift; path = EnterEmailViewController.swift; sourceTree = "<group>"; };
		9B1CF98C27C0B5B10028ABAE /* MainViewContoller.swift */ = {isa = PBXFileReference; lastKnownFileType = sourcecode.swift; path = MainViewContoller.swift; sourceTree = "<group>"; };
		9B410D6B27B161340098C5A3 /* modooagit.app */ = {isa = PBXFileReference; explicitFileType = wrapper.application; includeInIndex = 0; path = modooagit.app; sourceTree = BUILT_PRODUCTS_DIR; };
		9B410D6E27B161340098C5A3 /* AppDelegate.swift */ = {isa = PBXFileReference; lastKnownFileType = sourcecode.swift; path = AppDelegate.swift; sourceTree = "<group>"; };
		9B410D7027B161340098C5A3 /* SceneDelegate.swift */ = {isa = PBXFileReference; lastKnownFileType = sourcecode.swift; path = SceneDelegate.swift; sourceTree = "<group>"; };
		9B410D7527B161340098C5A3 /* Base */ = {isa = PBXFileReference; lastKnownFileType = file.storyboard; name = Base; path = Base.lproj/Main.storyboard; sourceTree = "<group>"; };
		9B410D7727B161350098C5A3 /* Assets.xcassets */ = {isa = PBXFileReference; lastKnownFileType = folder.assetcatalog; path = Assets.xcassets; sourceTree = "<group>"; };
		9B410D7A27B161350098C5A3 /* Base */ = {isa = PBXFileReference; lastKnownFileType = file.storyboard; name = Base; path = Base.lproj/LaunchScreen.storyboard; sourceTree = "<group>"; };
		9B410D7C27B161350098C5A3 /* Info.plist */ = {isa = PBXFileReference; lastKnownFileType = text.plist.xml; path = Info.plist; sourceTree = "<group>"; };
		9B410D8127B161350098C5A3 /* modooagitTests.xctest */ = {isa = PBXFileReference; explicitFileType = wrapper.cfbundle; includeInIndex = 0; path = modooagitTests.xctest; sourceTree = BUILT_PRODUCTS_DIR; };
		9B410D8B27B161350098C5A3 /* modooagitUITests.xctest */ = {isa = PBXFileReference; explicitFileType = wrapper.cfbundle; includeInIndex = 0; path = modooagitUITests.xctest; sourceTree = BUILT_PRODUCTS_DIR; };
		9B434FD827C269FC0014AEAB /* GoogleService-Info.plist */ = {isa = PBXFileReference; fileEncoding = 4; lastKnownFileType = text.plist.xml; name = "GoogleService-Info.plist"; path = "../../../Downloads/GoogleService-Info.plist"; sourceTree = "<group>"; };
		9B43D8CF27CB33CB008BC1CD /* NoticeViewController.swift */ = {isa = PBXFileReference; lastKnownFileType = sourcecode.swift; path = NoticeViewController.swift; sourceTree = "<group>"; };
		9B43D8D027CB33CB008BC1CD /* NoticeViewController.xib */ = {isa = PBXFileReference; lastKnownFileType = file.xib; path = NoticeViewController.xib; sourceTree = "<group>"; };
		9B43D8D327CB3C6C008BC1CD /* RemoteConfigDefaults.plist */ = {isa = PBXFileReference; lastKnownFileType = text.plist.xml; path = RemoteConfigDefaults.plist; sourceTree = "<group>"; };
		DFC206C5B8113045DB155A15 /* Pods-modooagit.debug.xcconfig */ = {isa = PBXFileReference; includeInIndex = 1; lastKnownFileType = text.xcconfig; name = "Pods-modooagit.debug.xcconfig"; path = "Target Support Files/Pods-modooagit/Pods-modooagit.debug.xcconfig"; sourceTree = "<group>"; };
/* End PBXFileReference section */

/* Begin PBXFrameworksBuildPhase section */
		9B410D6827B161340098C5A3 /* Frameworks */ = {
			isa = PBXFrameworksBuildPhase;
			buildActionMask = 2147483647;
			files = (
				655A80B87EFCCB8941A57022 /* Pods_modooagit.framework in Frameworks */,
			);
			runOnlyForDeploymentPostprocessing = 0;
		};
		9B410D7E27B161350098C5A3 /* Frameworks */ = {
			isa = PBXFrameworksBuildPhase;
			buildActionMask = 2147483647;
			files = (
			);
			runOnlyForDeploymentPostprocessing = 0;
		};
		9B410D8827B161350098C5A3 /* Frameworks */ = {
			isa = PBXFrameworksBuildPhase;
			buildActionMask = 2147483647;
			files = (
			);
			runOnlyForDeploymentPostprocessing = 0;
		};
/* End PBXFrameworksBuildPhase section */

/* Begin PBXGroup section */
		6028EDBB8131F5F9537AB75F /* Frameworks */ = {
			isa = PBXGroup;
			children = (
				3B70AA4FE6C84E085D3C4A5E /* Pods_modooagit.framework */,
			);
			name = Frameworks;
			sourceTree = "<group>";
		};
		75C0F998542BC35CD04A8C25 /* Pods */ = {
			isa = PBXGroup;
			children = (
				DFC206C5B8113045DB155A15 /* Pods-modooagit.debug.xcconfig */,
				0C376830BCB0B4A223DA7A02 /* Pods-modooagit.release.xcconfig */,
			);
			path = Pods;
			sourceTree = "<group>";
		};
		9B410D6227B161340098C5A3 = {
			isa = PBXGroup;
			children = (
				9B410D6D27B161340098C5A3 /* modooagit */,
				9B410D6C27B161340098C5A3 /* Products */,
				75C0F998542BC35CD04A8C25 /* Pods */,
				6028EDBB8131F5F9537AB75F /* Frameworks */,
			);
			sourceTree = "<group>";
		};
		9B410D6C27B161340098C5A3 /* Products */ = {
			isa = PBXGroup;
			children = (
				9B410D6B27B161340098C5A3 /* modooagit.app */,
				9B410D8127B161350098C5A3 /* modooagitTests.xctest */,
				9B410D8B27B161350098C5A3 /* modooagitUITests.xctest */,
			);
			name = Products;
			sourceTree = "<group>";
		};
		9B410D6D27B161340098C5A3 /* modooagit */ = {
			isa = PBXGroup;
			children = (
				9B410D6E27B161340098C5A3 /* AppDelegate.swift */,
				9B43D8CF27CB33CB008BC1CD /* NoticeViewController.swift */,
				9B43D8D327CB3C6C008BC1CD /* RemoteConfigDefaults.plist */,
				9B43D8D027CB33CB008BC1CD /* NoticeViewController.xib */,
				9B410D7027B161340098C5A3 /* SceneDelegate.swift */,
				9B1CF98827C0A3F30028ABAE /* LoginViewController.swift */,
				9B1CF98C27C0B5B10028ABAE /* MainViewContoller.swift */,
				9B410D7427B161340098C5A3 /* Main.storyboard */,
				9B1CF98A27C0ADFB0028ABAE /* EnterEmailViewController.swift */,
				9B410D7727B161350098C5A3 /* Assets.xcassets */,
				9B410D7927B161350098C5A3 /* LaunchScreen.storyboard */,
				9B410D7C27B161350098C5A3 /* Info.plist */,
				9B434FD827C269FC0014AEAB /* GoogleService-Info.plist */,
			);
			path = modooagit;
			sourceTree = "<group>";
		};
/* End PBXGroup section */

/* Begin PBXNativeTarget section */
		9B410D6A27B161340098C5A3 /* modooagit */ = {
			isa = PBXNativeTarget;
			buildConfigurationList = 9B410D9527B161350098C5A3 /* Build configuration list for PBXNativeTarget "modooagit" */;
			buildPhases = (
				8875B4DC640E7D9472AD6C94 /* [CP] Check Pods Manifest.lock */,
				9B410D6727B161340098C5A3 /* Sources */,
				9B410D6827B161340098C5A3 /* Frameworks */,
				9B410D6927B161340098C5A3 /* Resources */,
				F4F239F0767ED4B617B0D028 /* [CP] Embed Pods Frameworks */,
			);
			buildRules = (
			);
			dependencies = (
			);
			name = modooagit;
			productName = modooagit;
			productReference = 9B410D6B27B161340098C5A3 /* modooagit.app */;
			productType = "com.apple.product-type.application";
		};
		9B410D8027B161350098C5A3 /* modooagitTests */ = {
			isa = PBXNativeTarget;
			buildConfigurationList = 9B410D9827B161350098C5A3 /* Build configuration list for PBXNativeTarget "modooagitTests" */;
			buildPhases = (
				9B410D7D27B161350098C5A3 /* Sources */,
				9B410D7E27B161350098C5A3 /* Frameworks */,
				9B410D7F27B161350098C5A3 /* Resources */,
			);
			buildRules = (
			);
			dependencies = (
				9B410D8327B161350098C5A3 /* PBXTargetDependency */,
			);
			name = modooagitTests;
			productName = modooagitTests;
			productReference = 9B410D8127B161350098C5A3 /* modooagitTests.xctest */;
			productType = "com.apple.product-type.bundle.unit-test";
		};
		9B410D8A27B161350098C5A3 /* modooagitUITests */ = {
			isa = PBXNativeTarget;
			buildConfigurationList = 9B410D9B27B161350098C5A3 /* Build configuration list for PBXNativeTarget "modooagitUITests" */;
			buildPhases = (
				9B410D8727B161350098C5A3 /* Sources */,
				9B410D8827B161350098C5A3 /* Frameworks */,
				9B410D8927B161350098C5A3 /* Resources */,
			);
			buildRules = (
			);
			dependencies = (
				9B410D8D27B161350098C5A3 /* PBXTargetDependency */,
			);
			name = modooagitUITests;
			productName = modooagitUITests;
			productReference = 9B410D8B27B161350098C5A3 /* modooagitUITests.xctest */;
			productType = "com.apple.product-type.bundle.ui-testing";
		};
/* End PBXNativeTarget section */

/* Begin PBXProject section */
		9B410D6327B161340098C5A3 /* Project object */ = {
			isa = PBXProject;
			attributes = {
				BuildIndependentTargetsInParallel = 1;
				LastSwiftUpdateCheck = 1320;
				LastUpgradeCheck = 1320;
				TargetAttributes = {
					9B410D6A27B161340098C5A3 = {
						CreatedOnToolsVersion = 13.2.1;
					};
					9B410D8027B161350098C5A3 = {
						CreatedOnToolsVersion = 13.2.1;
						TestTargetID = 9B410D6A27B161340098C5A3;
					};
					9B410D8A27B161350098C5A3 = {
						CreatedOnToolsVersion = 13.2.1;
						TestTargetID = 9B410D6A27B161340098C5A3;
					};
				};
			};
			buildConfigurationList = 9B410D6627B161340098C5A3 /* Build configuration list for PBXProject "modooagit" */;
			compatibilityVersion = "Xcode 13.0";
			developmentRegion = en;
			hasScannedForEncodings = 0;
			knownRegions = (
				en,
				Base,
			);
			mainGroup = 9B410D6227B161340098C5A3;
			productRefGroup = 9B410D6C27B161340098C5A3 /* Products */;
			projectDirPath = "";
			projectRoot = "";
			targets = (
				9B410D6A27B161340098C5A3 /* modooagit */,
				9B410D8027B161350098C5A3 /* modooagitTests */,
				9B410D8A27B161350098C5A3 /* modooagitUITests */,
			);
		};
/* End PBXProject section */

/* Begin PBXResourcesBuildPhase section */
		9B410D6927B161340098C5A3 /* Resources */ = {
			isa = PBXResourcesBuildPhase;
			buildActionMask = 2147483647;
			files = (
				9B43D8D427CB3C6C008BC1CD /* RemoteConfigDefaults.plist in Resources */,
				9B43D8D227CB33CB008BC1CD /* NoticeViewController.xib in Resources */,
				9B410D7B27B161350098C5A3 /* LaunchScreen.storyboard in Resources */,
				9B434FD927C269FC0014AEAB /* GoogleService-Info.plist in Resources */,
				9B410D7827B161350098C5A3 /* Assets.xcassets in Resources */,
				9B410D7627B161340098C5A3 /* Main.storyboard in Resources */,
			);
			runOnlyForDeploymentPostprocessing = 0;
		};
		9B410D7F27B161350098C5A3 /* Resources */ = {
			isa = PBXResourcesBuildPhase;
			buildActionMask = 2147483647;
			files = (
			);
			runOnlyForDeploymentPostprocessing = 0;
		};
		9B410D8927B161350098C5A3 /* Resources */ = {
			isa = PBXResourcesBuildPhase;
			buildActionMask = 2147483647;
			files = (
			);
			runOnlyForDeploymentPostprocessing = 0;
		};
/* End PBXResourcesBuildPhase section */

/* Begin PBXShellScriptBuildPhase section */
		8875B4DC640E7D9472AD6C94 /* [CP] Check Pods Manifest.lock */ = {
			isa = PBXShellScriptBuildPhase;
			buildActionMask = 2147483647;
			files = (
			);
			inputFileListPaths = (
			);
			inputPaths = (
				"${PODS_PODFILE_DIR_PATH}/Podfile.lock",
				"${PODS_ROOT}/Manifest.lock",
			);
			name = "[CP] Check Pods Manifest.lock";
			outputFileListPaths = (
			);
			outputPaths = (
				"$(DERIVED_FILE_DIR)/Pods-modooagit-checkManifestLockResult.txt",
			);
			runOnlyForDeploymentPostprocessing = 0;
			shellPath = /bin/sh;
			shellScript = "diff \"${PODS_PODFILE_DIR_PATH}/Podfile.lock\" \"${PODS_ROOT}/Manifest.lock\" > /dev/null\nif [ $? != 0 ] ; then\n    # print error to STDERR\n    echo \"error: The sandbox is not in sync with the Podfile.lock. Run 'pod install' or update your CocoaPods installation.\" >&2\n    exit 1\nfi\n# This output is used by Xcode 'outputs' to avoid re-running this script phase.\necho \"SUCCESS\" > \"${SCRIPT_OUTPUT_FILE_0}\"\n";
			showEnvVarsInLog = 0;
		};
		F4F239F0767ED4B617B0D028 /* [CP] Embed Pods Frameworks */ = {
			isa = PBXShellScriptBuildPhase;
			buildActionMask = 2147483647;
			files = (
			);
			inputFileListPaths = (
				"${PODS_ROOT}/Target Support Files/Pods-modooagit/Pods-modooagit-frameworks-${CONFIGURATION}-input-files.xcfilelist",
			);
			name = "[CP] Embed Pods Frameworks";
			outputFileListPaths = (
				"${PODS_ROOT}/Target Support Files/Pods-modooagit/Pods-modooagit-frameworks-${CONFIGURATION}-output-files.xcfilelist",
			);
			runOnlyForDeploymentPostprocessing = 0;
			shellPath = /bin/sh;
			shellScript = "\"${PODS_ROOT}/Target Support Files/Pods-modooagit/Pods-modooagit-frameworks.sh\"\n";
			showEnvVarsInLog = 0;
		};
/* End PBXShellScriptBuildPhase section */

/* Begin PBXSourcesBuildPhase section */
		9B410D6727B161340098C5A3 /* Sources */ = {
			isa = PBXSourcesBuildPhase;
			buildActionMask = 2147483647;
			files = (
				9B410D6F27B161340098C5A3 /* AppDelegate.swift in Sources */,
				9B1CF98927C0A3F30028ABAE /* LoginViewController.swift in Sources */,
				9B1CF98D27C0B5B10028ABAE /* MainViewContoller.swift in Sources */,
				9B410D7127B161340098C5A3 /* SceneDelegate.swift in Sources */,
				9B43D8D127CB33CB008BC1CD /* NoticeViewController.swift in Sources */,
				9B1CF98B27C0ADFB0028ABAE /* EnterEmailViewController.swift in Sources */,
			);
			runOnlyForDeploymentPostprocessing = 0;
		};
		9B410D7D27B161350098C5A3 /* Sources */ = {
			isa = PBXSourcesBuildPhase;
			buildActionMask = 2147483647;
			files = (
			);
			runOnlyForDeploymentPostprocessing = 0;
		};
		9B410D8727B161350098C5A3 /* Sources */ = {
			isa = PBXSourcesBuildPhase;
			buildActionMask = 2147483647;
			files = (
			);
			runOnlyForDeploymentPostprocessing = 0;
		};
/* End PBXSourcesBuildPhase section */

/* Begin PBXTargetDependency section */
		9B410D8327B161350098C5A3 /* PBXTargetDependency */ = {
			isa = PBXTargetDependency;
			target = 9B410D6A27B161340098C5A3 /* modooagit */;
			targetProxy = 9B410D8227B161350098C5A3 /* PBXContainerItemProxy */;
		};
		9B410D8D27B161350098C5A3 /* PBXTargetDependency */ = {
			isa = PBXTargetDependency;
			target = 9B410D6A27B161340098C5A3 /* modooagit */;
			targetProxy = 9B410D8C27B161350098C5A3 /* PBXContainerItemProxy */;
		};
/* End PBXTargetDependency section */

/* Begin PBXVariantGroup section */
		9B410D7427B161340098C5A3 /* Main.storyboard */ = {
			isa = PBXVariantGroup;
			children = (
				9B410D7527B161340098C5A3 /* Base */,
			);
			name = Main.storyboard;
			sourceTree = "<group>";
		};
		9B410D7927B161350098C5A3 /* LaunchScreen.storyboard */ = {
			isa = PBXVariantGroup;
			children = (
				9B410D7A27B161350098C5A3 /* Base */,
			);
			name = LaunchScreen.storyboard;
			sourceTree = "<group>";
		};
/* End PBXVariantGroup section */

/* Begin XCBuildConfiguration section */
		9B410D9327B161350098C5A3 /* Debug */ = {
			isa = XCBuildConfiguration;
			buildSettings = {
				ALWAYS_SEARCH_USER_PATHS = NO;
				CLANG_ANALYZER_NONNULL = YES;
				CLANG_ANALYZER_NUMBER_OBJECT_CONVERSION = YES_AGGRESSIVE;
				CLANG_CXX_LANGUAGE_STANDARD = "gnu++17";
				CLANG_CXX_LIBRARY = "libc++";
				CLANG_ENABLE_MODULES = YES;
				CLANG_ENABLE_OBJC_ARC = YES;
				CLANG_ENABLE_OBJC_WEAK = YES;
				CLANG_WARN_BLOCK_CAPTURE_AUTORELEASING = YES;
				CLANG_WARN_BOOL_CONVERSION = YES;
				CLANG_WARN_COMMA = YES;
				CLANG_WARN_CONSTANT_CONVERSION = YES;
				CLANG_WARN_DEPRECATED_OBJC_IMPLEMENTATIONS = YES;
				CLANG_WARN_DIRECT_OBJC_ISA_USAGE = YES_ERROR;
				CLANG_WARN_DOCUMENTATION_COMMENTS = YES;
				CLANG_WARN_EMPTY_BODY = YES;
				CLANG_WARN_ENUM_CONVERSION = YES;
				CLANG_WARN_INFINITE_RECURSION = YES;
				CLANG_WARN_INT_CONVERSION = YES;
				CLANG_WARN_NON_LITERAL_NULL_CONVERSION = YES;
				CLANG_WARN_OBJC_IMPLICIT_RETAIN_SELF = YES;
				CLANG_WARN_OBJC_LITERAL_CONVERSION = YES;
				CLANG_WARN_OBJC_ROOT_CLASS = YES_ERROR;
				CLANG_WARN_QUOTED_INCLUDE_IN_FRAMEWORK_HEADER = YES;
				CLANG_WARN_RANGE_LOOP_ANALYSIS = YES;
				CLANG_WARN_STRICT_PROTOTYPES = YES;
				CLANG_WARN_SUSPICIOUS_MOVE = YES;
				CLANG_WARN_UNGUARDED_AVAILABILITY = YES_AGGRESSIVE;
				CLANG_WARN_UNREACHABLE_CODE = YES;
				CLANG_WARN__DUPLICATE_METHOD_MATCH = YES;
				COPY_PHASE_STRIP = NO;
				DEBUG_INFORMATION_FORMAT = dwarf;
				ENABLE_STRICT_OBJC_MSGSEND = YES;
				ENABLE_TESTABILITY = YES;
				GCC_C_LANGUAGE_STANDARD = gnu11;
				GCC_DYNAMIC_NO_PIC = NO;
				GCC_NO_COMMON_BLOCKS = YES;
				GCC_OPTIMIZATION_LEVEL = 0;
				GCC_PREPROCESSOR_DEFINITIONS = (
					"DEBUG=1",
					"$(inherited)",
				);
				GCC_WARN_64_TO_32_BIT_CONVERSION = YES;
				GCC_WARN_ABOUT_RETURN_TYPE = YES_ERROR;
				GCC_WARN_UNDECLARED_SELECTOR = YES;
				GCC_WARN_UNINITIALIZED_AUTOS = YES_AGGRESSIVE;
				GCC_WARN_UNUSED_FUNCTION = YES;
				GCC_WARN_UNUSED_VARIABLE = YES;
				IPHONEOS_DEPLOYMENT_TARGET = 15.2;
				MTL_ENABLE_DEBUG_INFO = INCLUDE_SOURCE;
				MTL_FAST_MATH = YES;
				ONLY_ACTIVE_ARCH = YES;
				SDKROOT = iphoneos;
				SWIFT_ACTIVE_COMPILATION_CONDITIONS = DEBUG;
				SWIFT_OPTIMIZATION_LEVEL = "-Onone";
			};
			name = Debug;
		};
		9B410D9427B161350098C5A3 /* Release */ = {
			isa = XCBuildConfiguration;
			buildSettings = {
				ALWAYS_SEARCH_USER_PATHS = NO;
				CLANG_ANALYZER_NONNULL = YES;
				CLANG_ANALYZER_NUMBER_OBJECT_CONVERSION = YES_AGGRESSIVE;
				CLANG_CXX_LANGUAGE_STANDARD = "gnu++17";
				CLANG_CXX_LIBRARY = "libc++";
				CLANG_ENABLE_MODULES = YES;
				CLANG_ENABLE_OBJC_ARC = YES;
				CLANG_ENABLE_OBJC_WEAK = YES;
				CLANG_WARN_BLOCK_CAPTURE_AUTORELEASING = YES;
				CLANG_WARN_BOOL_CONVERSION = YES;
				CLANG_WARN_COMMA = YES;
				CLANG_WARN_CONSTANT_CONVERSION = YES;
				CLANG_WARN_DEPRECATED_OBJC_IMPLEMENTATIONS = YES;
				CLANG_WARN_DIRECT_OBJC_ISA_USAGE = YES_ERROR;
				CLANG_WARN_DOCUMENTATION_COMMENTS = YES;
				CLANG_WARN_EMPTY_BODY = YES;
				CLANG_WARN_ENUM_CONVERSION = YES;
				CLANG_WARN_INFINITE_RECURSION = YES;
				CLANG_WARN_INT_CONVERSION = YES;
				CLANG_WARN_NON_LITERAL_NULL_CONVERSION = YES;
				CLANG_WARN_OBJC_IMPLICIT_RETAIN_SELF = YES;
				CLANG_WARN_OBJC_LITERAL_CONVERSION = YES;
				CLANG_WARN_OBJC_ROOT_CLASS = YES_ERROR;
				CLANG_WARN_QUOTED_INCLUDE_IN_FRAMEWORK_HEADER = YES;
				CLANG_WARN_RANGE_LOOP_ANALYSIS = YES;
				CLANG_WARN_STRICT_PROTOTYPES = YES;
				CLANG_WARN_SUSPICIOUS_MOVE = YES;
				CLANG_WARN_UNGUARDED_AVAILABILITY = YES_AGGRESSIVE;
				CLANG_WARN_UNREACHABLE_CODE = YES;
				CLANG_WARN__DUPLICATE_METHOD_MATCH = YES;
				COPY_PHASE_STRIP = NO;
				DEBUG_INFORMATION_FORMAT = "dwarf-with-dsym";
				ENABLE_NS_ASSERTIONS = NO;
				ENABLE_STRICT_OBJC_MSGSEND = YES;
				GCC_C_LANGUAGE_STANDARD = gnu11;
				GCC_NO_COMMON_BLOCKS = YES;
				GCC_WARN_64_TO_32_BIT_CONVERSION = YES;
				GCC_WARN_ABOUT_RETURN_TYPE = YES_ERROR;
				GCC_WARN_UNDECLARED_SELECTOR = YES;
				GCC_WARN_UNINITIALIZED_AUTOS = YES_AGGRESSIVE;
				GCC_WARN_UNUSED_FUNCTION = YES;
				GCC_WARN_UNUSED_VARIABLE = YES;
				IPHONEOS_DEPLOYMENT_TARGET = 15.2;
				MTL_ENABLE_DEBUG_INFO = NO;
				MTL_FAST_MATH = YES;
				SDKROOT = iphoneos;
				SWIFT_COMPILATION_MODE = wholemodule;
				SWIFT_OPTIMIZATION_LEVEL = "-O";
				VALIDATE_PRODUCT = YES;
			};
			name = Release;
		};
		9B410D9627B161350098C5A3 /* Debug */ = {
			isa = XCBuildConfiguration;
			baseConfigurationReference = DFC206C5B8113045DB155A15 /* Pods-modooagit.debug.xcconfig */;
			buildSettings = {
				ASSETCATALOG_COMPILER_APPICON_NAME = AppIcon;
				ASSETCATALOG_COMPILER_GLOBAL_ACCENT_COLOR_NAME = AccentColor;
				CODE_SIGN_IDENTITY = "Apple Development";
				CODE_SIGN_STYLE = Automatic;
				CURRENT_PROJECT_VERSION = 1;
				DEVELOPMENT_TEAM = WZA58DY755;
				GENERATE_INFOPLIST_FILE = YES;
				INFOPLIST_FILE = modooagit/Info.plist;
				INFOPLIST_KEY_UIApplicationSupportsIndirectInputEvents = YES;
				INFOPLIST_KEY_UILaunchStoryboardName = LaunchScreen;
				INFOPLIST_KEY_UIMainStoryboardFile = Main;
				INFOPLIST_KEY_UISupportedInterfaceOrientations_iPad = "UIInterfaceOrientationPortrait UIInterfaceOrientationPortraitUpsideDown UIInterfaceOrientationLandscapeLeft UIInterfaceOrientationLandscapeRight";
				INFOPLIST_KEY_UISupportedInterfaceOrientations_iPhone = "UIInterfaceOrientationPortrait UIInterfaceOrientationLandscapeLeft UIInterfaceOrientationLandscapeRight";
				LD_RUNPATH_SEARCH_PATHS = (
					"$(inherited)",
					"@executable_path/Frameworks",
				);
				MARKETING_VERSION = 1.0;
				PRODUCT_BUNDLE_IDENTIFIER = modooagit;
				PRODUCT_NAME = "$(TARGET_NAME)";
				PROVISIONING_PROFILE_SPECIFIER = "";
				SWIFT_EMIT_LOC_STRINGS = YES;
				SWIFT_VERSION = 5.0;
				TARGETED_DEVICE_FAMILY = "1,2";
			};
			name = Debug;
		};
		9B410D9727B161350098C5A3 /* Release */ = {
			isa = XCBuildConfiguration;
			baseConfigurationReference = 0C376830BCB0B4A223DA7A02 /* Pods-modooagit.release.xcconfig */;
			buildSettings = {
				ASSETCATALOG_COMPILER_APPICON_NAME = AppIcon;
				ASSETCATALOG_COMPILER_GLOBAL_ACCENT_COLOR_NAME = AccentColor;
				CODE_SIGN_IDENTITY = "Apple Development";
				CODE_SIGN_STYLE = Automatic;
				CURRENT_PROJECT_VERSION = 1;
				DEVELOPMENT_TEAM = WZA58DY755;
				GENERATE_INFOPLIST_FILE = YES;
				INFOPLIST_FILE = modooagit/Info.plist;
				INFOPLIST_KEY_UIApplicationSupportsIndirectInputEvents = YES;
				INFOPLIST_KEY_UILaunchStoryboardName = LaunchScreen;
				INFOPLIST_KEY_UIMainStoryboardFile = Main;
				INFOPLIST_KEY_UISupportedInterfaceOrientations_iPad = "UIInterfaceOrientationPortrait UIInterfaceOrientationPortraitUpsideDown UIInterfaceOrientationLandscapeLeft UIInterfaceOrientationLandscapeRight";
				INFOPLIST_KEY_UISupportedInterfaceOrientations_iPhone = "UIInterfaceOrientationPortrait UIInterfaceOrientationLandscapeLeft UIInterfaceOrientationLandscapeRight";
				LD_RUNPATH_SEARCH_PATHS = (
					"$(inherited)",
					"@executable_path/Frameworks",
				);
				MARKETING_VERSION = 1.0;
				PRODUCT_BUNDLE_IDENTIFIER = modooagit;
				PRODUCT_NAME = "$(TARGET_NAME)";
				PROVISIONING_PROFILE_SPECIFIER = "";
				SWIFT_EMIT_LOC_STRINGS = YES;
				SWIFT_VERSION = 5.0;
				TARGETED_DEVICE_FAMILY = "1,2";
			};
			name = Release;
		};
		9B410D9927B161350098C5A3 /* Debug */ = {
			isa = XCBuildConfiguration;
			buildSettings = {
				ALWAYS_EMBED_SWIFT_STANDARD_LIBRARIES = YES;
				BUNDLE_LOADER = "$(TEST_HOST)";
				CODE_SIGN_STYLE = Automatic;
				CURRENT_PROJECT_VERSION = 1;
				DEVELOPMENT_TEAM = WZA58DY755;
				GENERATE_INFOPLIST_FILE = YES;
				IPHONEOS_DEPLOYMENT_TARGET = 15.2;
				MARKETING_VERSION = 1.0;
				PRODUCT_BUNDLE_IDENTIFIER = myapp.modooagitTests;
				PRODUCT_NAME = "$(TARGET_NAME)";
				SWIFT_EMIT_LOC_STRINGS = NO;
				SWIFT_VERSION = 5.0;
				TARGETED_DEVICE_FAMILY = "1,2";
				TEST_HOST = "$(BUILT_PRODUCTS_DIR)/modooagit.app/modooagit";
			};
			name = Debug;
		};
		9B410D9A27B161350098C5A3 /* Release */ = {
			isa = XCBuildConfiguration;
			buildSettings = {
				ALWAYS_EMBED_SWIFT_STANDARD_LIBRARIES = YES;
				BUNDLE_LOADER = "$(TEST_HOST)";
				CODE_SIGN_STYLE = Automatic;
				CURRENT_PROJECT_VERSION = 1;
				DEVELOPMENT_TEAM = WZA58DY755;
				GENERATE_INFOPLIST_FILE = YES;
				IPHONEOS_DEPLOYMENT_TARGET = 15.2;
				MARKETING_VERSION = 1.0;
				PRODUCT_BUNDLE_IDENTIFIER = myapp.modooagitTests;
				PRODUCT_NAME = "$(TARGET_NAME)";
				SWIFT_EMIT_LOC_STRINGS = NO;
				SWIFT_VERSION = 5.0;
				TARGETED_DEVICE_FAMILY = "1,2";
				TEST_HOST = "$(BUILT_PRODUCTS_DIR)/modooagit.app/modooagit";
			};
			name = Release;
		};
		9B410D9C27B161350098C5A3 /* Debug */ = {
			isa = XCBuildConfiguration;
			buildSettings = {
				ALWAYS_EMBED_SWIFT_STANDARD_LIBRARIES = YES;
				CODE_SIGN_STYLE = Automatic;
				CURRENT_PROJECT_VERSION = 1;
				DEVELOPMENT_TEAM = WZA58DY755;
				GENERATE_INFOPLIST_FILE = YES;
				MARKETING_VERSION = 1.0;
				PRODUCT_BUNDLE_IDENTIFIER = myapp.modooagitUITests;
				PRODUCT_NAME = "$(TARGET_NAME)";
				SWIFT_EMIT_LOC_STRINGS = NO;
				SWIFT_VERSION = 5.0;
				TARGETED_DEVICE_FAMILY = "1,2";
				TEST_TARGET_NAME = modooagit;
			};
			name = Debug;
		};
		9B410D9D27B161350098C5A3 /* Release */ = {
			isa = XCBuildConfiguration;
			buildSettings = {
				ALWAYS_EMBED_SWIFT_STANDARD_LIBRARIES = YES;
				CODE_SIGN_STYLE = Automatic;
				CURRENT_PROJECT_VERSION = 1;
				DEVELOPMENT_TEAM = WZA58DY755;
				GENERATE_INFOPLIST_FILE = YES;
				MARKETING_VERSION = 1.0;
				PRODUCT_BUNDLE_IDENTIFIER = myapp.modooagitUITests;
				PRODUCT_NAME = "$(TARGET_NAME)";
				SWIFT_EMIT_LOC_STRINGS = NO;
				SWIFT_VERSION = 5.0;
				TARGETED_DEVICE_FAMILY = "1,2";
				TEST_TARGET_NAME = modooagit;
			};
			name = Release;
		};
/* End XCBuildConfiguration section */

/* Begin XCConfigurationList section */
		9B410D6627B161340098C5A3 /* Build configuration list for PBXProject "modooagit" */ = {
			isa = XCConfigurationList;
			buildConfigurations = (
				9B410D9327B161350098C5A3 /* Debug */,
				9B410D9427B161350098C5A3 /* Release */,
			);
			defaultConfigurationIsVisible = 0;
			defaultConfigurationName = Release;
		};
		9B410D9527B161350098C5A3 /* Build configuration list for PBXNativeTarget "modooagit" */ = {
			isa = XCConfigurationList;
			buildConfigurations = (
				9B410D9627B161350098C5A3 /* Debug */,
				9B410D9727B161350098C5A3 /* Release */,
			);
			defaultConfigurationIsVisible = 0;
			defaultConfigurationName = Release;
		};
		9B410D9827B161350098C5A3 /* Build configuration list for PBXNativeTarget "modooagitTests" */ = {
			isa = XCConfigurationList;
			buildConfigurations = (
				9B410D9927B161350098C5A3 /* Debug */,
				9B410D9A27B161350098C5A3 /* Release */,
			);
			defaultConfigurationIsVisible = 0;
			defaultConfigurationName = Release;
		};
		9B410D9B27B161350098C5A3 /* Build configuration list for PBXNativeTarget "modooagitUITests" */ = {
			isa = XCConfigurationList;
			buildConfigurations = (
				9B410D9C27B161350098C5A3 /* Debug */,
				9B410D9D27B161350098C5A3 /* Release */,
			);
			defaultConfigurationIsVisible = 0;
			defaultConfigurationName = Release;
		};
/* End XCConfigurationList section */
	};
	rootObject = 9B410D6327B161340098C5A3 /* Project object */;
}
